
Microsoft Visual Studio Solution File, Format Version 12.00
# Visual Studio Version 17
VisualStudioVersion = 17.4.33213.308
MinimumVisualStudioVersion = 10.0.40219.1
Project("{9A19103F-16F7-4668-BE54-9A1E7A4F7556}") = "SynchronousCode", "SynchronousCode\SynchronousCode.csproj", "{1F38620A-F496-4C96-BD2E-C55B9529B4D4}"
EndProject
Project("{9A19103F-16F7-4668-BE54-9A1E7A4F7556}") = "Threads", "Threads\Threads.csproj", "{01E75BB0-A501-453F-94EE-04F85188726B}"
EndProject
Project("{9A19103F-16F7-4668-BE54-9A1E7A4F7556}") = "Asynchronous", "Asynchronous\Asynchronous.csproj", "{947D8030-D383-45A9-868E-46829674FCA8}"
EndProject
Project("{2150E333-8FDC-42A3-9474-1A3956D46DE8}") = "00. Sync vs Async", "00. Sync vs Async", "{6D3D7A7E-8016-4621-B4A2-B7A5A6C04661}"
EndProject
Project("{9A19103F-16F7-4668-BE54-9A1E7A4F7556}") = "HangUserInterface", "HangUserInterface\HangUserInterface.csproj", "{2EF6FD3B-CDC4-4223-8B8B-6A79FC797213}"
EndProject
Project("{2150E333-8FDC-42A3-9474-1A3956D46DE8}") = "06. User Interface", "06. User Interface", "{823C1D9F-6D91-45AC-99B5-8A35255C289B}"
EndProject
Project("{9A19103F-16F7-4668-BE54-9A1E7A4F7556}") = "AsyncUserInterface", "AsyncUserInterface\AsyncUserInterface.csproj", "{687C29B8-FC7B-4CDB-80EC-0E8D5AFCDADE}"
EndProject
Project("{9A19103F-16F7-4668-BE54-9A1E7A4F7556}") = "AsyncWhenAll", "AsyncWhenAll\AsyncWhenAll.csproj", "{95A43FBE-CF26-4B58-BC7C-0AE3F04756D7}"
EndProject
Project("{9A19103F-16F7-4668-BE54-9A1E7A4F7556}") = "AsyncWhenAny", "AsyncWhenAny\AsyncWhenAny.csproj", "{2DECDC39-1148-414B-B4DA-5BCCB93B34E5}"
EndProject
Project("{2150E333-8FDC-42A3-9474-1A3956D46DE8}") = "02. Combination", "02. Combination", "{218BF22A-E0AD-44F7-A266-377A62555ED2}"
EndProject
Project("{9A19103F-16F7-4668-BE54-9A1E7A4F7556}") = "AsyncParallel", "AsyncParallel\AsyncParallel.csproj", "{09CF6091-4F9C-433E-92FC-1C235470FA09}"
EndProject
Project("{9A19103F-16F7-4668-BE54-9A1E7A4F7556}") = "DeadlockUserInterface", "DeadlockUserInterface\DeadlockUserInterface.csproj", "{62078D29-81B5-41D5-BEB5-9064F4266165}"
EndProject
Project("{9A19103F-16F7-4668-BE54-9A1E7A4F7556}") = "AsyncWithThrottling", "AsyncWithThrottling\AsyncWithThrottling.csproj", "{51050E05-59C6-4279-8C6C-D07852BE2766}"
EndProject
Project("{2150E333-8FDC-42A3-9474-1A3956D46DE8}") = "04. Exceptions", "04. Exceptions", "{32B1DD63-5330-43D6-910E-BCE5EC28B1E2}"
EndProject
Project("{9A19103F-16F7-4668-BE54-9A1E7A4F7556}") = "ResultException", "ResultException\ResultException.csproj", "{A7379365-979C-438C-AF05-E5418570FD77}"
EndProject
Project("{9A19103F-16F7-4668-BE54-9A1E7A4F7556}") = "AwaitException", "AwaitException\AwaitException.csproj", "{57AEE41C-EA57-4C9C-876F-8F42A1228A3F}"
EndProject
Project("{9A19103F-16F7-4668-BE54-9A1E7A4F7556}") = "Tasks", "Tasks\Tasks.csproj", "{812073EE-7DAC-4E0C-93C5-CA9D459824DE}"
EndProject
Project("{2150E333-8FDC-42A3-9474-1A3956D46DE8}") = "07. Threads vs Tasks", "07. Threads vs Tasks", "{DA7EF481-8C78-41AE-9107-A66C071500D0}"
EndProject
Project("{9A19103F-16F7-4668-BE54-9A1E7A4F7556}") = "Cancellation", "Cancellation\Cancellation.csproj", "{DDE1BF1F-9D4D-4C22-92AD-2F1645434439}"
EndProject
Project("{2150E333-8FDC-42A3-9474-1A3956D46DE8}") = "03. Cancellation and progress", "03. Cancellation and progress", "{976E901D-66BE-4030-89B3-3647769E82BB}"
EndProject
Project("{9A19103F-16F7-4668-BE54-9A1E7A4F7556}") = "Progress", "Progress\Progress.csproj", "{5F92623E-901A-4FF2-862D-6FB8AC208724}"
EndProject
Project("{2150E333-8FDC-42A3-9474-1A3956D46DE8}") = "05. Migration", "05. Migration", "{32901027-FED8-4CAE-B3F1-89C5BD0EE19C}"
EndProject
Project("{9A19103F-16F7-4668-BE54-9A1E7A4F7556}") = "EventBasedUserInterface", "EventBasedUserInterface\EventBasedUserInterface.csproj", "{3A80F559-82D5-4B0F-8FD3-3754AE05D0D0}"
EndProject
Project("{9A19103F-16F7-4668-BE54-9A1E7A4F7556}") = "MigrateEventBasedUserInterface", "MigrateEventBasedUserInterface\MigrateEventBasedUserInterface.csproj", "{40FB3CE1-79BD-4307-A27A-64C0479C2052}"
EndProject
Project("{2150E333-8FDC-42A3-9474-1A3956D46DE8}") = "09. Awaitables", "09. Awaitables", "{0784AB12-957A-4E08-96CA-B2CDC6B1BE59}"
EndProject
Project("{9A19103F-16F7-4668-BE54-9A1E7A4F7556}") = "IntAwaitable", "IntAwaitable\IntAwaitable.csproj", "{DDC88DA1-5AED-4ED7-899A-98525EE3F28E}"
EndProject
Project("{9A19103F-16F7-4668-BE54-9A1E7A4F7556}") = "ValueTask", "ValueTask\ValueTask.csproj", "{D4BA5E69-17A9-4BA6-BAD3-E6FE238283E1}"
EndProject
Project("{9A19103F-16F7-4668-BE54-9A1E7A4F7556}") = "AsyncEnumerable", "AsyncEnumerable\AsyncEnumerable.csproj", "{025B9A50-C6A5-4549-AD4F-F819E4461CD1}"
EndProject
Project("{9A19103F-16F7-4668-BE54-9A1E7A4F7556}") = "AsyncEnumerableParallelWork", "AsyncEnumerableParallelWork\AsyncEnumerableParallelWork.csproj", "{6C0E106E-D01A-4DB9-B70A-125186319851}"
EndProject
Project("{2150E333-8FDC-42A3-9474-1A3956D46DE8}") = "08. LockFree", "08. LockFree", "{03C71E1D-BEF2-47CB-BC71-D216DADD786B}"
EndProject
Project("{9A19103F-16F7-4668-BE54-9A1E7A4F7556}") = "LockFree", "LockFree\LockFree.csproj", "{694F6958-2B9B-44D0-A9BE-A8B10FA84E69}"
EndProject
Project("{9A19103F-16F7-4668-BE54-9A1E7A4F7556}") = "BuggedHistogram", "BuggedHistogram\BuggedHistogram.csproj", "{42CC51BF-FF90-4DA7-AA57-10FBAFCFD99F}"
EndProject
Project("{2150E333-8FDC-42A3-9474-1A3956D46DE8}") = "01. Compute vs IO operations", "01. Compute vs IO operations", "{72C56468-0E36-4DB4-A801-7E30A8214A18}"
EndProject
Project("{9A19103F-16F7-4668-BE54-9A1E7A4F7556}") = "IoBoundOperations", "IoBoundOperations\IoBoundOperations.csproj", "{4C300BCA-A5D9-4493-832A-0F1DA1EB648C}"
EndProject
Project("{9A19103F-16F7-4668-BE54-9A1E7A4F7556}") = "ComputeBoundOperations", "ComputeBoundOperations\ComputeBoundOperations.csproj", "{C1FDF6CC-81EF-47D5-845E-2D910F6EE016}"
EndProject
Project("{9A19103F-16F7-4668-BE54-9A1E7A4F7556}") = "NotAwaitedTasks", "NotAwaitedTasks\NotAwaitedTasks.csproj", "{0D64BE43-7B27-4A08-888C-721BD208B35B}"
EndProject
Project("{FAE04EC0-301F-11D3-BF4B-00C04F79EFBC}") = "UiThreadUserInterface", "UiThreadUserInterface\UiThreadUserInterface.csproj", "{B4AA9C0F-77EB-432C-8DDE-F1144EA6D3FF}"
EndProject
Project("{2150E333-8FDC-42A3-9474-1A3956D46DE8}") = "Solution Items", "Solution Items", "{A3D73FAD-AD32-4B23-855D-1FACB4F74AC0}"
	ProjectSection(SolutionItems) = preProject
		README.md = README.md
	EndProjectSection
EndProject
Global
	GlobalSection(SolutionConfigurationPlatforms) = preSolution
		Debug|Any CPU = Debug|Any CPU
		Release|Any CPU = Release|Any CPU
	EndGlobalSection
	GlobalSection(ProjectConfigurationPlatforms) = postSolution
		{1F38620A-F496-4C96-BD2E-C55B9529B4D4}.Debug|Any CPU.ActiveCfg = Debug|Any CPU
		{1F38620A-F496-4C96-BD2E-C55B9529B4D4}.Debug|Any CPU.Build.0 = Debug|Any CPU
		{1F38620A-F496-4C96-BD2E-C55B9529B4D4}.Release|Any CPU.ActiveCfg = Release|Any CPU
		{1F38620A-F496-4C96-BD2E-C55B9529B4D4}.Release|Any CPU.Build.0 = Release|Any CPU
		{01E75BB0-A501-453F-94EE-04F85188726B}.Debug|Any CPU.ActiveCfg = Debug|Any CPU
		{01E75BB0-A501-453F-94EE-04F85188726B}.Debug|Any CPU.Build.0 = Debug|Any CPU
		{01E75BB0-A501-453F-94EE-04F85188726B}.Release|Any CPU.ActiveCfg = Release|Any CPU
		{01E75BB0-A501-453F-94EE-04F85188726B}.Release|Any CPU.Build.0 = Release|Any CPU
		{947D8030-D383-45A9-868E-46829674FCA8}.Debug|Any CPU.ActiveCfg = Debug|Any CPU
		{947D8030-D383-45A9-868E-46829674FCA8}.Debug|Any CPU.Build.0 = Debug|Any CPU
		{947D8030-D383-45A9-868E-46829674FCA8}.Release|Any CPU.ActiveCfg = Release|Any CPU
		{947D8030-D383-45A9-868E-46829674FCA8}.Release|Any CPU.Build.0 = Release|Any CPU
		{2EF6FD3B-CDC4-4223-8B8B-6A79FC797213}.Debug|Any CPU.ActiveCfg = Debug|Any CPU
		{2EF6FD3B-CDC4-4223-8B8B-6A79FC797213}.Debug|Any CPU.Build.0 = Debug|Any CPU
		{2EF6FD3B-CDC4-4223-8B8B-6A79FC797213}.Release|Any CPU.ActiveCfg = Release|Any CPU
		{2EF6FD3B-CDC4-4223-8B8B-6A79FC797213}.Release|Any CPU.Build.0 = Release|Any CPU
		{687C29B8-FC7B-4CDB-80EC-0E8D5AFCDADE}.Debug|Any CPU.ActiveCfg = Debug|Any CPU
		{687C29B8-FC7B-4CDB-80EC-0E8D5AFCDADE}.Debug|Any CPU.Build.0 = Debug|Any CPU
		{687C29B8-FC7B-4CDB-80EC-0E8D5AFCDADE}.Release|Any CPU.ActiveCfg = Release|Any CPU
		{687C29B8-FC7B-4CDB-80EC-0E8D5AFCDADE}.Release|Any CPU.Build.0 = Release|Any CPU
		{95A43FBE-CF26-4B58-BC7C-0AE3F04756D7}.Debug|Any CPU.ActiveCfg = Debug|Any CPU
		{95A43FBE-CF26-4B58-BC7C-0AE3F04756D7}.Debug|Any CPU.Build.0 = Debug|Any CPU
		{95A43FBE-CF26-4B58-BC7C-0AE3F04756D7}.Release|Any CPU.ActiveCfg = Release|Any CPU
		{95A43FBE-CF26-4B58-BC7C-0AE3F04756D7}.Release|Any CPU.Build.0 = Release|Any CPU
		{2DECDC39-1148-414B-B4DA-5BCCB93B34E5}.Debug|Any CPU.ActiveCfg = Debug|Any CPU
		{2DECDC39-1148-414B-B4DA-5BCCB93B34E5}.Debug|Any CPU.Build.0 = Debug|Any CPU
		{2DECDC39-1148-414B-B4DA-5BCCB93B34E5}.Release|Any CPU.ActiveCfg = Release|Any CPU
		{2DECDC39-1148-414B-B4DA-5BCCB93B34E5}.Release|Any CPU.Build.0 = Release|Any CPU
		{09CF6091-4F9C-433E-92FC-1C235470FA09}.Debug|Any CPU.ActiveCfg = Debug|Any CPU
		{09CF6091-4F9C-433E-92FC-1C235470FA09}.Debug|Any CPU.Build.0 = Debug|Any CPU
		{09CF6091-4F9C-433E-92FC-1C235470FA09}.Release|Any CPU.ActiveCfg = Release|Any CPU
		{09CF6091-4F9C-433E-92FC-1C235470FA09}.Release|Any CPU.Build.0 = Release|Any CPU
		{62078D29-81B5-41D5-BEB5-9064F4266165}.Debug|Any CPU.ActiveCfg = Debug|Any CPU
		{62078D29-81B5-41D5-BEB5-9064F4266165}.Debug|Any CPU.Build.0 = Debug|Any CPU
		{62078D29-81B5-41D5-BEB5-9064F4266165}.Release|Any CPU.ActiveCfg = Release|Any CPU
		{62078D29-81B5-41D5-BEB5-9064F4266165}.Release|Any CPU.Build.0 = Release|Any CPU
		{51050E05-59C6-4279-8C6C-D07852BE2766}.Debug|Any CPU.ActiveCfg = Debug|Any CPU
		{51050E05-59C6-4279-8C6C-D07852BE2766}.Debug|Any CPU.Build.0 = Debug|Any CPU
		{51050E05-59C6-4279-8C6C-D07852BE2766}.Release|Any CPU.ActiveCfg = Release|Any CPU
		{51050E05-59C6-4279-8C6C-D07852BE2766}.Release|Any CPU.Build.0 = Release|Any CPU
		{A7379365-979C-438C-AF05-E5418570FD77}.Debug|Any CPU.ActiveCfg = Debug|Any CPU
		{A7379365-979C-438C-AF05-E5418570FD77}.Debug|Any CPU.Build.0 = Debug|Any CPU
		{A7379365-979C-438C-AF05-E5418570FD77}.Release|Any CPU.ActiveCfg = Release|Any CPU
		{A7379365-979C-438C-AF05-E5418570FD77}.Release|Any CPU.Build.0 = Release|Any CPU
		{57AEE41C-EA57-4C9C-876F-8F42A1228A3F}.Debug|Any CPU.ActiveCfg = Debug|Any CPU
		{57AEE41C-EA57-4C9C-876F-8F42A1228A3F}.Debug|Any CPU.Build.0 = Debug|Any CPU
		{57AEE41C-EA57-4C9C-876F-8F42A1228A3F}.Release|Any CPU.ActiveCfg = Release|Any CPU
		{57AEE41C-EA57-4C9C-876F-8F42A1228A3F}.Release|Any CPU.Build.0 = Release|Any CPU
		{812073EE-7DAC-4E0C-93C5-CA9D459824DE}.Debug|Any CPU.ActiveCfg = Debug|Any CPU
		{812073EE-7DAC-4E0C-93C5-CA9D459824DE}.Debug|Any CPU.Build.0 = Debug|Any CPU
		{812073EE-7DAC-4E0C-93C5-CA9D459824DE}.Release|Any CPU.ActiveCfg = Release|Any CPU
		{812073EE-7DAC-4E0C-93C5-CA9D459824DE}.Release|Any CPU.Build.0 = Release|Any CPU
		{DDE1BF1F-9D4D-4C22-92AD-2F1645434439}.Debug|Any CPU.ActiveCfg = Debug|Any CPU
		{DDE1BF1F-9D4D-4C22-92AD-2F1645434439}.Debug|Any CPU.Build.0 = Debug|Any CPU
		{DDE1BF1F-9D4D-4C22-92AD-2F1645434439}.Release|Any CPU.ActiveCfg = Release|Any CPU
		{DDE1BF1F-9D4D-4C22-92AD-2F1645434439}.Release|Any CPU.Build.0 = Release|Any CPU
		{5F92623E-901A-4FF2-862D-6FB8AC208724}.Debug|Any CPU.ActiveCfg = Debug|Any CPU
		{5F92623E-901A-4FF2-862D-6FB8AC208724}.Debug|Any CPU.Build.0 = Debug|Any CPU
		{5F92623E-901A-4FF2-862D-6FB8AC208724}.Release|Any CPU.ActiveCfg = Release|Any CPU
		{5F92623E-901A-4FF2-862D-6FB8AC208724}.Release|Any CPU.Build.0 = Release|Any CPU
		{3A80F559-82D5-4B0F-8FD3-3754AE05D0D0}.Debug|Any CPU.ActiveCfg = Debug|Any CPU
		{3A80F559-82D5-4B0F-8FD3-3754AE05D0D0}.Debug|Any CPU.Build.0 = Debug|Any CPU
		{3A80F559-82D5-4B0F-8FD3-3754AE05D0D0}.Release|Any CPU.ActiveCfg = Release|Any CPU
		{3A80F559-82D5-4B0F-8FD3-3754AE05D0D0}.Release|Any CPU.Build.0 = Release|Any CPU
		{40FB3CE1-79BD-4307-A27A-64C0479C2052}.Debug|Any CPU.ActiveCfg = Debug|Any CPU
		{40FB3CE1-79BD-4307-A27A-64C0479C2052}.Debug|Any CPU.Build.0 = Debug|Any CPU
		{40FB3CE1-79BD-4307-A27A-64C0479C2052}.Release|Any CPU.ActiveCfg = Release|Any CPU
		{40FB3CE1-79BD-4307-A27A-64C0479C2052}.Release|Any CPU.Build.0 = Release|Any CPU
		{DDC88DA1-5AED-4ED7-899A-98525EE3F28E}.Debug|Any CPU.ActiveCfg = Debug|Any CPU
		{DDC88DA1-5AED-4ED7-899A-98525EE3F28E}.Debug|Any CPU.Build.0 = Debug|Any CPU
		{DDC88DA1-5AED-4ED7-899A-98525EE3F28E}.Release|Any CPU.ActiveCfg = Release|Any CPU
		{DDC88DA1-5AED-4ED7-899A-98525EE3F28E}.Release|Any CPU.Build.0 = Release|Any CPU
		{D4BA5E69-17A9-4BA6-BAD3-E6FE238283E1}.Debug|Any CPU.ActiveCfg = Debug|Any CPU
		{D4BA5E69-17A9-4BA6-BAD3-E6FE238283E1}.Debug|Any CPU.Build.0 = Debug|Any CPU
		{D4BA5E69-17A9-4BA6-BAD3-E6FE238283E1}.Release|Any CPU.ActiveCfg = Release|Any CPU
		{D4BA5E69-17A9-4BA6-BAD3-E6FE238283E1}.Release|Any CPU.Build.0 = Release|Any CPU
		{025B9A50-C6A5-4549-AD4F-F819E4461CD1}.Debug|Any CPU.ActiveCfg = Debug|Any CPU
		{025B9A50-C6A5-4549-AD4F-F819E4461CD1}.Debug|Any CPU.Build.0 = Debug|Any CPU
		{025B9A50-C6A5-4549-AD4F-F819E4461CD1}.Release|Any CPU.ActiveCfg = Release|Any CPU
		{025B9A50-C6A5-4549-AD4F-F819E4461CD1}.Release|Any CPU.Build.0 = Release|Any CPU
		{6C0E106E-D01A-4DB9-B70A-125186319851}.Debug|Any CPU.ActiveCfg = Debug|Any CPU
		{6C0E106E-D01A-4DB9-B70A-125186319851}.Debug|Any CPU.Build.0 = Debug|Any CPU
		{6C0E106E-D01A-4DB9-B70A-125186319851}.Release|Any CPU.ActiveCfg = Release|Any CPU
		{6C0E106E-D01A-4DB9-B70A-125186319851}.Release|Any CPU.Build.0 = Release|Any CPU
		{694F6958-2B9B-44D0-A9BE-A8B10FA84E69}.Debug|Any CPU.ActiveCfg = Debug|Any CPU
		{694F6958-2B9B-44D0-A9BE-A8B10FA84E69}.Debug|Any CPU.Build.0 = Debug|Any CPU
		{694F6958-2B9B-44D0-A9BE-A8B10FA84E69}.Release|Any CPU.ActiveCfg = Release|Any CPU
		{694F6958-2B9B-44D0-A9BE-A8B10FA84E69}.Release|Any CPU.Build.0 = Release|Any CPU
		{42CC51BF-FF90-4DA7-AA57-10FBAFCFD99F}.Debug|Any CPU.ActiveCfg = Debug|Any CPU
		{42CC51BF-FF90-4DA7-AA57-10FBAFCFD99F}.Debug|Any CPU.Build.0 = Debug|Any CPU
		{42CC51BF-FF90-4DA7-AA57-10FBAFCFD99F}.Release|Any CPU.ActiveCfg = Release|Any CPU
		{42CC51BF-FF90-4DA7-AA57-10FBAFCFD99F}.Release|Any CPU.Build.0 = Release|Any CPU
		{4C300BCA-A5D9-4493-832A-0F1DA1EB648C}.Debug|Any CPU.ActiveCfg = Debug|Any CPU
		{4C300BCA-A5D9-4493-832A-0F1DA1EB648C}.Debug|Any CPU.Build.0 = Debug|Any CPU
		{4C300BCA-A5D9-4493-832A-0F1DA1EB648C}.Release|Any CPU.ActiveCfg = Release|Any CPU
		{4C300BCA-A5D9-4493-832A-0F1DA1EB648C}.Release|Any CPU.Build.0 = Release|Any CPU
		{C1FDF6CC-81EF-47D5-845E-2D910F6EE016}.Debug|Any CPU.ActiveCfg = Debug|Any CPU
		{C1FDF6CC-81EF-47D5-845E-2D910F6EE016}.Debug|Any CPU.Build.0 = Debug|Any CPU
		{C1FDF6CC-81EF-47D5-845E-2D910F6EE016}.Release|Any CPU.ActiveCfg = Release|Any CPU
		{C1FDF6CC-81EF-47D5-845E-2D910F6EE016}.Release|Any CPU.Build.0 = Release|Any CPU
		{0D64BE43-7B27-4A08-888C-721BD208B35B}.Debug|Any CPU.ActiveCfg = Debug|Any CPU
		{0D64BE43-7B27-4A08-888C-721BD208B35B}.Debug|Any CPU.Build.0 = Debug|Any CPU
		{0D64BE43-7B27-4A08-888C-721BD208B35B}.Release|Any CPU.ActiveCfg = Release|Any CPU
		{0D64BE43-7B27-4A08-888C-721BD208B35B}.Release|Any CPU.Build.0 = Release|Any CPU
		{B4AA9C0F-77EB-432C-8DDE-F1144EA6D3FF}.Debug|Any CPU.ActiveCfg = Debug|Any CPU
		{B4AA9C0F-77EB-432C-8DDE-F1144EA6D3FF}.Debug|Any CPU.Build.0 = Debug|Any CPU
		{B4AA9C0F-77EB-432C-8DDE-F1144EA6D3FF}.Release|Any CPU.ActiveCfg = Release|Any CPU
		{B4AA9C0F-77EB-432C-8DDE-F1144EA6D3FF}.Release|Any CPU.Build.0 = Release|Any CPU
	EndGlobalSection
	GlobalSection(SolutionProperties) = preSolution
		HideSolutionNode = FALSE
	EndGlobalSection
	GlobalSection(NestedProjects) = preSolution
		{1F38620A-F496-4C96-BD2E-C55B9529B4D4} = {6D3D7A7E-8016-4621-B4A2-B7A5A6C04661}
		{01E75BB0-A501-453F-94EE-04F85188726B} = {DA7EF481-8C78-41AE-9107-A66C071500D0}
		{947D8030-D383-45A9-868E-46829674FCA8} = {6D3D7A7E-8016-4621-B4A2-B7A5A6C04661}
		{2EF6FD3B-CDC4-4223-8B8B-6A79FC797213} = {823C1D9F-6D91-45AC-99B5-8A35255C289B}
		{687C29B8-FC7B-4CDB-80EC-0E8D5AFCDADE} = {823C1D9F-6D91-45AC-99B5-8A35255C289B}
		{95A43FBE-CF26-4B58-BC7C-0AE3F04756D7} = {218BF22A-E0AD-44F7-A266-377A62555ED2}
		{2DECDC39-1148-414B-B4DA-5BCCB93B34E5} = {218BF22A-E0AD-44F7-A266-377A62555ED2}
		{09CF6091-4F9C-433E-92FC-1C235470FA09} = {218BF22A-E0AD-44F7-A266-377A62555ED2}
		{51050E05-59C6-4279-8C6C-D07852BE2766} = {218BF22A-E0AD-44F7-A266-377A62555ED2}
		{A7379365-979C-438C-AF05-E5418570FD77} = {32B1DD63-5330-43D6-910E-BCE5EC28B1E2}
		{57AEE41C-EA57-4C9C-876F-8F42A1228A3F} = {32B1DD63-5330-43D6-910E-BCE5EC28B1E2}
		{812073EE-7DAC-4E0C-93C5-CA9D459824DE} = {DA7EF481-8C78-41AE-9107-A66C071500D0}
		{DDE1BF1F-9D4D-4C22-92AD-2F1645434439} = {976E901D-66BE-4030-89B3-3647769E82BB}
		{5F92623E-901A-4FF2-862D-6FB8AC208724} = {976E901D-66BE-4030-89B3-3647769E82BB}
		{3A80F559-82D5-4B0F-8FD3-3754AE05D0D0} = {32901027-FED8-4CAE-B3F1-89C5BD0EE19C}
		{40FB3CE1-79BD-4307-A27A-64C0479C2052} = {32901027-FED8-4CAE-B3F1-89C5BD0EE19C}
		{DDC88DA1-5AED-4ED7-899A-98525EE3F28E} = {0784AB12-957A-4E08-96CA-B2CDC6B1BE59}
		{D4BA5E69-17A9-4BA6-BAD3-E6FE238283E1} = {0784AB12-957A-4E08-96CA-B2CDC6B1BE59}
		{025B9A50-C6A5-4549-AD4F-F819E4461CD1} = {0784AB12-957A-4E08-96CA-B2CDC6B1BE59}
		{6C0E106E-D01A-4DB9-B70A-125186319851} = {0784AB12-957A-4E08-96CA-B2CDC6B1BE59}
		{694F6958-2B9B-44D0-A9BE-A8B10FA84E69} = {03C71E1D-BEF2-47CB-BC71-D216DADD786B}
		{42CC51BF-FF90-4DA7-AA57-10FBAFCFD99F} = {03C71E1D-BEF2-47CB-BC71-D216DADD786B}
		{4C300BCA-A5D9-4493-832A-0F1DA1EB648C} = {72C56468-0E36-4DB4-A801-7E30A8214A18}
		{C1FDF6CC-81EF-47D5-845E-2D910F6EE016} = {72C56468-0E36-4DB4-A801-7E30A8214A18}
		{0D64BE43-7B27-4A08-888C-721BD208B35B} = {32B1DD63-5330-43D6-910E-BCE5EC28B1E2}
		{B4AA9C0F-77EB-432C-8DDE-F1144EA6D3FF} = {823C1D9F-6D91-45AC-99B5-8A35255C289B}
	EndGlobalSection
	GlobalSection(ExtensibilityGlobals) = postSolution
		SolutionGuid = {7D75C240-DD53-4216-8BE1-9FDE4BD7107B}
	EndGlobalSection
EndGlobal
